// !$*UTF8*$!
{
	archiveVersion = 1;
	classes = {
	};
	objectVersion = 46;
	objects = {

/* Begin PBXBuildFile section */
		BB44EB5C7FAA434ABFFC43E1 /* libPods.a in Frameworks */ = {isa = PBXBuildFile; fileRef = 009EFE42E08E48E99C891F30 /* libPods.a */; };
		DFB7450B1912C587003806F9 /* Foundation.framework in Frameworks */ = {isa = PBXBuildFile; fileRef = DFB7450A1912C587003806F9 /* Foundation.framework */; };
		DFB7450D1912C587003806F9 /* CoreGraphics.framework in Frameworks */ = {isa = PBXBuildFile; fileRef = DFB7450C1912C587003806F9 /* CoreGraphics.framework */; };
		DFB7450F1912C587003806F9 /* UIKit.framework in Frameworks */ = {isa = PBXBuildFile; fileRef = DFB7450E1912C587003806F9 /* UIKit.framework */; };
		DFB745151912C587003806F9 /* InfoPlist.strings in Resources */ = {isa = PBXBuildFile; fileRef = DFB745131912C587003806F9 /* InfoPlist.strings */; };
		DFB745171912C587003806F9 /* main.m in Sources */ = {isa = PBXBuildFile; fileRef = DFB745161912C587003806F9 /* main.m */; };
		DFB7451B1912C587003806F9 /* AppDelegate.m in Sources */ = {isa = PBXBuildFile; fileRef = DFB7451A1912C587003806F9 /* AppDelegate.m */; };
		DFB7451E1912C587003806F9 /* Main.storyboard in Resources */ = {isa = PBXBuildFile; fileRef = DFB7451C1912C587003806F9 /* Main.storyboard */; };
		DFB745211912C588003806F9 /* ViewController.m in Sources */ = {isa = PBXBuildFile; fileRef = DFB745201912C588003806F9 /* ViewController.m */; };
		DFB745231912C588003806F9 /* Images.xcassets in Resources */ = {isa = PBXBuildFile; fileRef = DFB745221912C588003806F9 /* Images.xcassets */; };
		DFB7452A1912C588003806F9 /* XCTest.framework in Frameworks */ = {isa = PBXBuildFile; fileRef = DFB745291912C588003806F9 /* XCTest.framework */; };
		DFB7452B1912C588003806F9 /* Foundation.framework in Frameworks */ = {isa = PBXBuildFile; fileRef = DFB7450A1912C587003806F9 /* Foundation.framework */; };
		DFB7452C1912C588003806F9 /* UIKit.framework in Frameworks */ = {isa = PBXBuildFile; fileRef = DFB7450E1912C587003806F9 /* UIKit.framework */; };
		DFB745341912C588003806F9 /* InfoPlist.strings in Resources */ = {isa = PBXBuildFile; fileRef = DFB745321912C588003806F9 /* InfoPlist.strings */; };
		DFB745361912C588003806F9 /* ParentsAcademyTests.m in Sources */ = {isa = PBXBuildFile; fileRef = DFB745351912C588003806F9 /* ParentsAcademyTests.m */; };
		DFB7454619138C96003806F9 /* BabyDateBirthViewController.m in Sources */ = {isa = PBXBuildFile; fileRef = DFB7454519138C96003806F9 /* BabyDateBirthViewController.m */; };
		DFB7454B19138DF4003806F9 /* Settings.m in Sources */ = {isa = PBXBuildFile; fileRef = DFB7454A19138DF4003806F9 /* Settings.m */; };
		DFC22B4A1914A471003FD7CB /* AssetsLibrary.framework in Frameworks */ = {isa = PBXBuildFile; fileRef = DFC22B491914A471003FD7CB /* AssetsLibrary.framework */; };
		DFC22B4D1914A49C003FD7CB /* CamRecorderViewController.m in Sources */ = {isa = PBXBuildFile; fileRef = DFC22B4C1914A49C003FD7CB /* CamRecorderViewController.m */; };
		DFC22B4F1914A4E0003FD7CB /* CoreMedia.framework in Frameworks */ = {isa = PBXBuildFile; fileRef = DFC22B4E1914A4E0003FD7CB /* CoreMedia.framework */; };
		DFC22B511914A508003FD7CB /* AVFoundation.framework in Frameworks */ = {isa = PBXBuildFile; fileRef = DFC22B501914A508003FD7CB /* AVFoundation.framework */; };
		DFC22B541914D98C003FD7CB /* VideoListCell.m in Sources */ = {isa = PBXBuildFile; fileRef = DFC22B531914D98C003FD7CB /* VideoListCell.m */; };
		DFC22B571914E791003FD7CB /* MonthPickerViewController.m in Sources */ = {isa = PBXBuildFile; fileRef = DFC22B561914E791003FD7CB /* MonthPickerViewController.m */; };
		DFD37A711913A94D00D1ECE2 /* README.md in Resources */ = {isa = PBXBuildFile; fileRef = DFD37A701913A94D00D1ECE2 /* README.md */; };
		DFD37A751913ABF900D1ECE2 /* YouTubeLoader.m in Sources */ = {isa = PBXBuildFile; fileRef = DFD37A741913ABF900D1ECE2 /* YouTubeLoader.m */; };
		DFD37A781913AE2000D1ECE2 /* VideoListViewController.m in Sources */ = {isa = PBXBuildFile; fileRef = DFD37A771913AE2000D1ECE2 /* VideoListViewController.m */; };
		DFD37A7E1913B16C00D1ECE2 /* Model.xcdatamodeld in Sources */ = {isa = PBXBuildFile; fileRef = DFD37A7C1913B16C00D1ECE2 /* Model.xcdatamodeld */; };
		DFD37A811913B96800D1ECE2 /* YouTubePlaylist.m in Sources */ = {isa = PBXBuildFile; fileRef = DFD37A801913B96800D1ECE2 /* YouTubePlaylist.m */; };
		DFD37A841913B96900D1ECE2 /* YouTubeItem.m in Sources */ = {isa = PBXBuildFile; fileRef = DFD37A831913B96900D1ECE2 /* YouTubeItem.m */; };
		DFD37A881913BACE00D1ECE2 /* DatabaseManager.m in Sources */ = {isa = PBXBuildFile; fileRef = DFD37A871913BACE00D1ECE2 /* DatabaseManager.m */; };
		DFD37A8A1913CCDE00D1ECE2 /* MediaPlayer.framework in Frameworks */ = {isa = PBXBuildFile; fileRef = DFD37A891913CCDE00D1ECE2 /* MediaPlayer.framework */; };
		DFD37A8D191451D500D1ECE2 /* VideoPageViewController.m in Sources */ = {isa = PBXBuildFile; fileRef = DFD37A8C191451D500D1ECE2 /* VideoPageViewController.m */; };
/* End PBXBuildFile section */

/* Begin PBXContainerItemProxy section */
		DFB7452D1912C588003806F9 /* PBXContainerItemProxy */ = {
			isa = PBXContainerItemProxy;
			containerPortal = DFB744FF1912C587003806F9 /* Project object */;
			proxyType = 1;
			remoteGlobalIDString = DFB745061912C587003806F9;
			remoteInfo = ParentsAcademy;
		};
/* End PBXContainerItemProxy section */

/* Begin PBXFileReference section */
		009EFE42E08E48E99C891F30 /* libPods.a */ = {isa = PBXFileReference; explicitFileType = archive.ar; includeInIndex = 0; path = libPods.a; sourceTree = BUILT_PRODUCTS_DIR; };
		82100C0ABC64424EB8E92F54 /* Pods.xcconfig */ = {isa = PBXFileReference; includeInIndex = 1; lastKnownFileType = text.xcconfig; name = Pods.xcconfig; path = Pods/Pods.xcconfig; sourceTree = "<group>"; };
		DFB745071912C587003806F9 /* ParentsAcademy.app */ = {isa = PBXFileReference; explicitFileType = wrapper.application; includeInIndex = 0; path = ParentsAcademy.app; sourceTree = BUILT_PRODUCTS_DIR; };
		DFB7450A1912C587003806F9 /* Foundation.framework */ = {isa = PBXFileReference; lastKnownFileType = wrapper.framework; name = Foundation.framework; path = System/Library/Frameworks/Foundation.framework; sourceTree = SDKROOT; };
		DFB7450C1912C587003806F9 /* CoreGraphics.framework */ = {isa = PBXFileReference; lastKnownFileType = wrapper.framework; name = CoreGraphics.framework; path = System/Library/Frameworks/CoreGraphics.framework; sourceTree = SDKROOT; };
		DFB7450E1912C587003806F9 /* UIKit.framework */ = {isa = PBXFileReference; lastKnownFileType = wrapper.framework; name = UIKit.framework; path = System/Library/Frameworks/UIKit.framework; sourceTree = SDKROOT; };
		DFB745121912C587003806F9 /* ParentsAcademy-Info.plist */ = {isa = PBXFileReference; lastKnownFileType = text.plist.xml; path = "ParentsAcademy-Info.plist"; sourceTree = "<group>"; };
		DFB745141912C587003806F9 /* en */ = {isa = PBXFileReference; lastKnownFileType = text.plist.strings; name = en; path = en.lproj/InfoPlist.strings; sourceTree = "<group>"; };
		DFB745161912C587003806F9 /* main.m */ = {isa = PBXFileReference; lastKnownFileType = sourcecode.c.objc; path = main.m; sourceTree = "<group>"; };
		DFB745181912C587003806F9 /* ParentsAcademy-Prefix.pch */ = {isa = PBXFileReference; lastKnownFileType = sourcecode.c.h; path = "ParentsAcademy-Prefix.pch"; sourceTree = "<group>"; };
		DFB745191912C587003806F9 /* AppDelegate.h */ = {isa = PBXFileReference; lastKnownFileType = sourcecode.c.h; path = AppDelegate.h; sourceTree = "<group>"; };
		DFB7451A1912C587003806F9 /* AppDelegate.m */ = {isa = PBXFileReference; lastKnownFileType = sourcecode.c.objc; path = AppDelegate.m; sourceTree = "<group>"; };
		DFB7451D1912C587003806F9 /* Base */ = {isa = PBXFileReference; lastKnownFileType = file.storyboard; name = Base; path = Base.lproj/Main.storyboard; sourceTree = "<group>"; };
		DFB7451F1912C588003806F9 /* ViewController.h */ = {isa = PBXFileReference; lastKnownFileType = sourcecode.c.h; path = ViewController.h; sourceTree = "<group>"; };
		DFB745201912C588003806F9 /* ViewController.m */ = {isa = PBXFileReference; lastKnownFileType = sourcecode.c.objc; path = ViewController.m; sourceTree = "<group>"; };
		DFB745221912C588003806F9 /* Images.xcassets */ = {isa = PBXFileReference; lastKnownFileType = folder.assetcatalog; path = Images.xcassets; sourceTree = "<group>"; };
		DFB745281912C588003806F9 /* ParentsAcademyTests.xctest */ = {isa = PBXFileReference; explicitFileType = wrapper.cfbundle; includeInIndex = 0; path = ParentsAcademyTests.xctest; sourceTree = BUILT_PRODUCTS_DIR; };
		DFB745291912C588003806F9 /* XCTest.framework */ = {isa = PBXFileReference; lastKnownFileType = wrapper.framework; name = XCTest.framework; path = Library/Frameworks/XCTest.framework; sourceTree = DEVELOPER_DIR; };
		DFB745311912C588003806F9 /* ParentsAcademyTests-Info.plist */ = {isa = PBXFileReference; lastKnownFileType = text.plist.xml; path = "ParentsAcademyTests-Info.plist"; sourceTree = "<group>"; };
		DFB745331912C588003806F9 /* en */ = {isa = PBXFileReference; lastKnownFileType = text.plist.strings; name = en; path = en.lproj/InfoPlist.strings; sourceTree = "<group>"; };
		DFB745351912C588003806F9 /* ParentsAcademyTests.m */ = {isa = PBXFileReference; lastKnownFileType = sourcecode.c.objc; path = ParentsAcademyTests.m; sourceTree = "<group>"; };
		DFB7454419138C96003806F9 /* BabyDateBirthViewController.h */ = {isa = PBXFileReference; fileEncoding = 4; lastKnownFileType = sourcecode.c.h; path = BabyDateBirthViewController.h; sourceTree = "<group>"; };
		DFB7454519138C96003806F9 /* BabyDateBirthViewController.m */ = {isa = PBXFileReference; fileEncoding = 4; lastKnownFileType = sourcecode.c.objc; path = BabyDateBirthViewController.m; sourceTree = "<group>"; };
		DFB7454919138DF4003806F9 /* Settings.h */ = {isa = PBXFileReference; fileEncoding = 4; lastKnownFileType = sourcecode.c.h; path = Settings.h; sourceTree = "<group>"; };
		DFB7454A19138DF4003806F9 /* Settings.m */ = {isa = PBXFileReference; fileEncoding = 4; lastKnownFileType = sourcecode.c.objc; path = Settings.m; sourceTree = "<group>"; };
		DFC22B491914A471003FD7CB /* AssetsLibrary.framework */ = {isa = PBXFileReference; lastKnownFileType = wrapper.framework; name = AssetsLibrary.framework; path = System/Library/Frameworks/AssetsLibrary.framework; sourceTree = SDKROOT; };
		DFC22B4B1914A49C003FD7CB /* CamRecorderViewController.h */ = {isa = PBXFileReference; fileEncoding = 4; lastKnownFileType = sourcecode.c.h; path = CamRecorderViewController.h; sourceTree = "<group>"; };
		DFC22B4C1914A49C003FD7CB /* CamRecorderViewController.m */ = {isa = PBXFileReference; fileEncoding = 4; lastKnownFileType = sourcecode.c.objc; path = CamRecorderViewController.m; sourceTree = "<group>"; };
		DFC22B4E1914A4E0003FD7CB /* CoreMedia.framework */ = {isa = PBXFileReference; lastKnownFileType = wrapper.framework; name = CoreMedia.framework; path = System/Library/Frameworks/CoreMedia.framework; sourceTree = SDKROOT; };
		DFC22B501914A508003FD7CB /* AVFoundation.framework */ = {isa = PBXFileReference; lastKnownFileType = wrapper.framework; name = AVFoundation.framework; path = System/Library/Frameworks/AVFoundation.framework; sourceTree = SDKROOT; };
		DFC22B521914D98C003FD7CB /* VideoListCell.h */ = {isa = PBXFileReference; fileEncoding = 4; lastKnownFileType = sourcecode.c.h; path = VideoListCell.h; sourceTree = "<group>"; };
		DFC22B531914D98C003FD7CB /* VideoListCell.m */ = {isa = PBXFileReference; fileEncoding = 4; lastKnownFileType = sourcecode.c.objc; path = VideoListCell.m; sourceTree = "<group>"; };
		DFC22B551914E791003FD7CB /* MonthPickerViewController.h */ = {isa = PBXFileReference; fileEncoding = 4; lastKnownFileType = sourcecode.c.h; path = MonthPickerViewController.h; sourceTree = "<group>"; };
		DFC22B561914E791003FD7CB /* MonthPickerViewController.m */ = {isa = PBXFileReference; fileEncoding = 4; lastKnownFileType = sourcecode.c.objc; path = MonthPickerViewController.m; sourceTree = "<group>"; };
		DFD37A701913A94D00D1ECE2 /* README.md */ = {isa = PBXFileReference; fileEncoding = 4; lastKnownFileType = text; path = README.md; sourceTree = "<group>"; };
		DFD37A731913ABF900D1ECE2 /* YouTubeLoader.h */ = {isa = PBXFileReference; fileEncoding = 4; lastKnownFileType = sourcecode.c.h; path = YouTubeLoader.h; sourceTree = "<group>"; };
		DFD37A741913ABF900D1ECE2 /* YouTubeLoader.m */ = {isa = PBXFileReference; fileEncoding = 4; lastKnownFileType = sourcecode.c.objc; path = YouTubeLoader.m; sourceTree = "<group>"; };
		DFD37A761913AE2000D1ECE2 /* VideoListViewController.h */ = {isa = PBXFileReference; fileEncoding = 4; lastKnownFileType = sourcecode.c.h; path = VideoListViewController.h; sourceTree = "<group>"; };
		DFD37A771913AE2000D1ECE2 /* VideoListViewController.m */ = {isa = PBXFileReference; fileEncoding = 4; lastKnownFileType = sourcecode.c.objc; path = VideoListViewController.m; sourceTree = "<group>"; };
		DFD37A7D1913B16C00D1ECE2 /* Model.xcdatamodel */ = {isa = PBXFileReference; lastKnownFileType = wrapper.xcdatamodel; path = Model.xcdatamodel; sourceTree = "<group>"; };
		DFD37A7F1913B96800D1ECE2 /* YouTubePlaylist.h */ = {isa = PBXFileReference; fileEncoding = 4; lastKnownFileType = sourcecode.c.h; path = YouTubePlaylist.h; sourceTree = "<group>"; };
		DFD37A801913B96800D1ECE2 /* YouTubePlaylist.m */ = {isa = PBXFileReference; fileEncoding = 4; lastKnownFileType = sourcecode.c.objc; path = YouTubePlaylist.m; sourceTree = "<group>"; };
		DFD37A821913B96900D1ECE2 /* YouTubeItem.h */ = {isa = PBXFileReference; fileEncoding = 4; lastKnownFileType = sourcecode.c.h; path = YouTubeItem.h; sourceTree = "<group>"; };
		DFD37A831913B96900D1ECE2 /* YouTubeItem.m */ = {isa = PBXFileReference; fileEncoding = 4; lastKnownFileType = sourcecode.c.objc; path = YouTubeItem.m; sourceTree = "<group>"; };
		DFD37A861913BACE00D1ECE2 /* DatabaseManager.h */ = {isa = PBXFileReference; fileEncoding = 4; lastKnownFileType = sourcecode.c.h; path = DatabaseManager.h; sourceTree = "<group>"; };
		DFD37A871913BACE00D1ECE2 /* DatabaseManager.m */ = {isa = PBXFileReference; fileEncoding = 4; lastKnownFileType = sourcecode.c.objc; path = DatabaseManager.m; sourceTree = "<group>"; };
		DFD37A891913CCDE00D1ECE2 /* MediaPlayer.framework */ = {isa = PBXFileReference; lastKnownFileType = wrapper.framework; name = MediaPlayer.framework; path = System/Library/Frameworks/MediaPlayer.framework; sourceTree = SDKROOT; };
		DFD37A8B191451D500D1ECE2 /* VideoPageViewController.h */ = {isa = PBXFileReference; fileEncoding = 4; lastKnownFileType = sourcecode.c.h; path = VideoPageViewController.h; sourceTree = "<group>"; };
		DFD37A8C191451D500D1ECE2 /* VideoPageViewController.m */ = {isa = PBXFileReference; fileEncoding = 4; lastKnownFileType = sourcecode.c.objc; path = VideoPageViewController.m; sourceTree = "<group>"; };
/* End PBXFileReference section */

/* Begin PBXFrameworksBuildPhase section */
		DFB745041912C587003806F9 /* Frameworks */ = {
			isa = PBXFrameworksBuildPhase;
			buildActionMask = 2147483647;
			files = (
				DFC22B511914A508003FD7CB /* AVFoundation.framework in Frameworks */,
				DFC22B4F1914A4E0003FD7CB /* CoreMedia.framework in Frameworks */,
				DFC22B4A1914A471003FD7CB /* AssetsLibrary.framework in Frameworks */,
				DFD37A8A1913CCDE00D1ECE2 /* MediaPlayer.framework in Frameworks */,
				DFB7450D1912C587003806F9 /* CoreGraphics.framework in Frameworks */,
				DFB7450F1912C587003806F9 /* UIKit.framework in Frameworks */,
				DFB7450B1912C587003806F9 /* Foundation.framework in Frameworks */,
				BB44EB5C7FAA434ABFFC43E1 /* libPods.a in Frameworks */,
			);
			runOnlyForDeploymentPostprocessing = 0;
		};
		DFB745251912C588003806F9 /* Frameworks */ = {
			isa = PBXFrameworksBuildPhase;
			buildActionMask = 2147483647;
			files = (
				DFB7452A1912C588003806F9 /* XCTest.framework in Frameworks */,
				DFB7452C1912C588003806F9 /* UIKit.framework in Frameworks */,
				DFB7452B1912C588003806F9 /* Foundation.framework in Frameworks */,
			);
			runOnlyForDeploymentPostprocessing = 0;
		};
/* End PBXFrameworksBuildPhase section */

/* Begin PBXGroup section */
		DFB744FE1912C587003806F9 = {
			isa = PBXGroup;
			children = (
				DFB745101912C587003806F9 /* ParentsAcademy */,
				DFB7452F1912C588003806F9 /* ParentsAcademyTests */,
				DFB745091912C587003806F9 /* Frameworks */,
				DFB745081912C587003806F9 /* Products */,
				82100C0ABC64424EB8E92F54 /* Pods.xcconfig */,
				DFD37A701913A94D00D1ECE2 /* README.md */,
			);
			sourceTree = "<group>";
		};
		DFB745081912C587003806F9 /* Products */ = {
			isa = PBXGroup;
			children = (
				DFB745071912C587003806F9 /* ParentsAcademy.app */,
				DFB745281912C588003806F9 /* ParentsAcademyTests.xctest */,
			);
			name = Products;
			sourceTree = "<group>";
		};
		DFB745091912C587003806F9 /* Frameworks */ = {
			isa = PBXGroup;
			children = (
				DFC22B501914A508003FD7CB /* AVFoundation.framework */,
				DFC22B4E1914A4E0003FD7CB /* CoreMedia.framework */,
				DFC22B491914A471003FD7CB /* AssetsLibrary.framework */,
				DFD37A891913CCDE00D1ECE2 /* MediaPlayer.framework */,
				DFB7450A1912C587003806F9 /* Foundation.framework */,
				DFB7450C1912C587003806F9 /* CoreGraphics.framework */,
				DFB7450E1912C587003806F9 /* UIKit.framework */,
				DFB745291912C588003806F9 /* XCTest.framework */,
				009EFE42E08E48E99C891F30 /* libPods.a */,
			);
			name = Frameworks;
			sourceTree = "<group>";
		};
		DFB745101912C587003806F9 /* ParentsAcademy */ = {
			isa = PBXGroup;
			children = (
				DFB7454119138C48003806F9 /* Models */,
				DFB7454019138C3D003806F9 /* Views */,
				DFB7453F19138C35003806F9 /* Controllers */,
				DFB745191912C587003806F9 /* AppDelegate.h */,
				DFB7451A1912C587003806F9 /* AppDelegate.m */,
				DFB7451C1912C587003806F9 /* Main.storyboard */,
				DFB7451F1912C588003806F9 /* ViewController.h */,
				DFB745201912C588003806F9 /* ViewController.m */,
				DFB745221912C588003806F9 /* Images.xcassets */,
				DFB745111912C587003806F9 /* Supporting Files */,
			);
			path = ParentsAcademy;
			sourceTree = "<group>";
		};
		DFB745111912C587003806F9 /* Supporting Files */ = {
			isa = PBXGroup;
			children = (
				DFB745121912C587003806F9 /* ParentsAcademy-Info.plist */,
				DFB745131912C587003806F9 /* InfoPlist.strings */,
				DFB745161912C587003806F9 /* main.m */,
				DFB745181912C587003806F9 /* ParentsAcademy-Prefix.pch */,
			);
			name = "Supporting Files";
			sourceTree = "<group>";
		};
		DFB7452F1912C588003806F9 /* ParentsAcademyTests */ = {
			isa = PBXGroup;
			children = (
				DFB745351912C588003806F9 /* ParentsAcademyTests.m */,
				DFB745301912C588003806F9 /* Supporting Files */,
			);
			path = ParentsAcademyTests;
			sourceTree = "<group>";
		};
		DFB745301912C588003806F9 /* Supporting Files */ = {
			isa = PBXGroup;
			children = (
				DFB745311912C588003806F9 /* ParentsAcademyTests-Info.plist */,
				DFB745321912C588003806F9 /* InfoPlist.strings */,
			);
			name = "Supporting Files";
			sourceTree = "<group>";
		};
		DFB7453F19138C35003806F9 /* Controllers */ = {
			isa = PBXGroup;
			children = (
				DFC22B481914A3EA003FD7CB /* CamRecord */,
				DFB7454319138C65003806F9 /* Video */,
				DFB7454219138C53003806F9 /* Intro */,
			);
			name = Controllers;
			sourceTree = "<group>";
		};
		DFB7454019138C3D003806F9 /* Views */ = {
			isa = PBXGroup;
			children = (
				DFC22B521914D98C003FD7CB /* VideoListCell.h */,
				DFC22B531914D98C003FD7CB /* VideoListCell.m */,
			);
			name = Views;
			sourceTree = "<group>";
		};
		DFB7454119138C48003806F9 /* Models */ = {
			isa = PBXGroup;
			children = (
				DFD37A851913B9B000D1ECE2 /* CoreData */,
				DFD37A721913ABD500D1ECE2 /* Video */,
				DFB7454719138D57003806F9 /* Settings */,
			);
			name = Models;
			sourceTree = "<group>";
		};
		DFB7454219138C53003806F9 /* Intro */ = {
			isa = PBXGroup;
			children = (
				DFB7454419138C96003806F9 /* BabyDateBirthViewController.h */,
				DFB7454519138C96003806F9 /* BabyDateBirthViewController.m */,
				DFC22B551914E791003FD7CB /* MonthPickerViewController.h */,
				DFC22B561914E791003FD7CB /* MonthPickerViewController.m */,
			);
			name = Intro;
			sourceTree = "<group>";
		};
		DFB7454319138C65003806F9 /* Video */ = {
			isa = PBXGroup;
			children = (
				DFD37A761913AE2000D1ECE2 /* VideoListViewController.h */,
				DFD37A771913AE2000D1ECE2 /* VideoListViewController.m */,
				DFD37A8B191451D500D1ECE2 /* VideoPageViewController.h */,
				DFD37A8C191451D500D1ECE2 /* VideoPageViewController.m */,
			);
			name = Video;
			sourceTree = "<group>";
		};
		DFB7454719138D57003806F9 /* Settings */ = {
			isa = PBXGroup;
			children = (
				DFB7454919138DF4003806F9 /* Settings.h */,
				DFB7454A19138DF4003806F9 /* Settings.m */,
			);
			name = Settings;
			sourceTree = "<group>";
		};
		DFC22B481914A3EA003FD7CB /* CamRecord */ = {
			isa = PBXGroup;
			children = (
				DFC22B4B1914A49C003FD7CB /* CamRecorderViewController.h */,
				DFC22B4C1914A49C003FD7CB /* CamRecorderViewController.m */,
			);
			name = CamRecord;
			sourceTree = "<group>";
		};
		DFD37A721913ABD500D1ECE2 /* Video */ = {
			isa = PBXGroup;
			children = (
				DFD37A731913ABF900D1ECE2 /* YouTubeLoader.h */,
				DFD37A741913ABF900D1ECE2 /* YouTubeLoader.m */,
			);
			name = Video;
			sourceTree = "<group>";
		};
		DFD37A851913B9B000D1ECE2 /* CoreData */ = {
			isa = PBXGroup;
			children = (
				DFD37A7C1913B16C00D1ECE2 /* Model.xcdatamodeld */,
				DFD37A821913B96900D1ECE2 /* YouTubeItem.h */,
				DFD37A831913B96900D1ECE2 /* YouTubeItem.m */,
				DFD37A7F1913B96800D1ECE2 /* YouTubePlaylist.h */,
				DFD37A801913B96800D1ECE2 /* YouTubePlaylist.m */,
				DFD37A861913BACE00D1ECE2 /* DatabaseManager.h */,
				DFD37A871913BACE00D1ECE2 /* DatabaseManager.m */,
			);
			name = CoreData;
			sourceTree = "<group>";
		};
/* End PBXGroup section */

/* Begin PBXNativeTarget section */
		DFB745061912C587003806F9 /* ParentsAcademy */ = {
			isa = PBXNativeTarget;
			buildConfigurationList = DFB745391912C588003806F9 /* Build configuration list for PBXNativeTarget "ParentsAcademy" */;
			buildPhases = (
				EB0ACFEB7A8A4793A81E649C /* Check Pods Manifest.lock */,
				DFB745031912C587003806F9 /* Sources */,
				DFB745041912C587003806F9 /* Frameworks */,
				DFB745051912C587003806F9 /* Resources */,
				5F0BEA2E62EC47A1A21971FF /* Copy Pods Resources */,
			);
			buildRules = (
			);
			dependencies = (
			);
			name = ParentsAcademy;
			productName = ParentsAcademy;
			productReference = DFB745071912C587003806F9 /* ParentsAcademy.app */;
			productType = "com.apple.product-type.application";
		};
		DFB745271912C588003806F9 /* ParentsAcademyTests */ = {
			isa = PBXNativeTarget;
			buildConfigurationList = DFB7453C1912C588003806F9 /* Build configuration list for PBXNativeTarget "ParentsAcademyTests" */;
			buildPhases = (
				DFB745241912C588003806F9 /* Sources */,
				DFB745251912C588003806F9 /* Frameworks */,
				DFB745261912C588003806F9 /* Resources */,
			);
			buildRules = (
			);
			dependencies = (
				DFB7452E1912C588003806F9 /* PBXTargetDependency */,
			);
			name = ParentsAcademyTests;
			productName = ParentsAcademyTests;
			productReference = DFB745281912C588003806F9 /* ParentsAcademyTests.xctest */;
			productType = "com.apple.product-type.bundle.unit-test";
		};
/* End PBXNativeTarget section */

/* Begin PBXProject section */
		DFB744FF1912C587003806F9 /* Project object */ = {
			isa = PBXProject;
			attributes = {
				LastUpgradeCheck = 0510;
				ORGANIZATIONNAME = "Alex Shevlyakov";
				TargetAttributes = {
					DFB745061912C587003806F9 = {
						DevelopmentTeam = 8GYP7QP7V3;
					};
					DFB745271912C588003806F9 = {
						TestTargetID = DFB745061912C587003806F9;
					};
				};
			};
			buildConfigurationList = DFB745021912C587003806F9 /* Build configuration list for PBXProject "ParentsAcademy" */;
			compatibilityVersion = "Xcode 3.2";
			developmentRegion = English;
			hasScannedForEncodings = 0;
			knownRegions = (
				en,
				Base,
			);
			mainGroup = DFB744FE1912C587003806F9;
			productRefGroup = DFB745081912C587003806F9 /* Products */;
			projectDirPath = "";
			projectRoot = "";
			targets = (
				DFB745061912C587003806F9 /* ParentsAcademy */,
				DFB745271912C588003806F9 /* ParentsAcademyTests */,
			);
		};
/* End PBXProject section */

/* Begin PBXResourcesBuildPhase section */
		DFB745051912C587003806F9 /* Resources */ = {
			isa = PBXResourcesBuildPhase;
			buildActionMask = 2147483647;
			files = (
				DFB745231912C588003806F9 /* Images.xcassets in Resources */,
				DFB745151912C587003806F9 /* InfoPlist.strings in Resources */,
				DFD37A711913A94D00D1ECE2 /* README.md in Resources */,
				DFB7451E1912C587003806F9 /* Main.storyboard in Resources */,
			);
			runOnlyForDeploymentPostprocessing = 0;
		};
		DFB745261912C588003806F9 /* Resources */ = {
			isa = PBXResourcesBuildPhase;
			buildActionMask = 2147483647;
			files = (
				DFB745341912C588003806F9 /* InfoPlist.strings in Resources */,
			);
			runOnlyForDeploymentPostprocessing = 0;
		};
/* End PBXResourcesBuildPhase section */

/* Begin PBXShellScriptBuildPhase section */
		5F0BEA2E62EC47A1A21971FF /* Copy Pods Resources */ = {
			isa = PBXShellScriptBuildPhase;
			buildActionMask = 2147483647;
			files = (
			);
			inputPaths = (
			);
			name = "Copy Pods Resources";
			outputPaths = (
			);
			runOnlyForDeploymentPostprocessing = 0;
			shellPath = /bin/sh;
			shellScript = "\"${SRCROOT}/Pods/Pods-resources.sh\"\n";
			showEnvVarsInLog = 0;
		};
		EB0ACFEB7A8A4793A81E649C /* Check Pods Manifest.lock */ = {
			isa = PBXShellScriptBuildPhase;
			buildActionMask = 2147483647;
			files = (
			);
			inputPaths = (
			);
			name = "Check Pods Manifest.lock";
			outputPaths = (
			);
			runOnlyForDeploymentPostprocessing = 0;
			shellPath = /bin/sh;
			shellScript = "diff \"${PODS_ROOT}/../Podfile.lock\" \"${PODS_ROOT}/Manifest.lock\" > /dev/null\nif [[ $? != 0 ]] ; then\n    cat << EOM\nerror: The sandbox is not in sync with the Podfile.lock. Run 'pod install' or update your CocoaPods installation.\nEOM\n    exit 1\nfi\n";
			showEnvVarsInLog = 0;
		};
/* End PBXShellScriptBuildPhase section */

/* Begin PBXSourcesBuildPhase section */
		DFB745031912C587003806F9 /* Sources */ = {
			isa = PBXSourcesBuildPhase;
			buildActionMask = 2147483647;
			files = (
				DFB7454619138C96003806F9 /* BabyDateBirthViewController.m in Sources */,
				DFB745211912C588003806F9 /* ViewController.m in Sources */,
				DFB7454B19138DF4003806F9 /* Settings.m in Sources */,
				DFD37A811913B96800D1ECE2 /* YouTubePlaylist.m in Sources */,
				DFD37A7E1913B16C00D1ECE2 /* Model.xcdatamodeld in Sources */,
				DFD37A781913AE2000D1ECE2 /* VideoListViewController.m in Sources */,
				DFB7451B1912C587003806F9 /* AppDelegate.m in Sources */,
				DFC22B4D1914A49C003FD7CB /* CamRecorderViewController.m in Sources */,
				DFD37A8D191451D500D1ECE2 /* VideoPageViewController.m in Sources */,
				DFC22B571914E791003FD7CB /* MonthPickerViewController.m in Sources */,
				DFD37A751913ABF900D1ECE2 /* YouTubeLoader.m in Sources */,
				DFD37A881913BACE00D1ECE2 /* DatabaseManager.m in Sources */,
				DFC22B541914D98C003FD7CB /* VideoListCell.m in Sources */,
				DFD37A841913B96900D1ECE2 /* YouTubeItem.m in Sources */,
				DFB745171912C587003806F9 /* main.m in Sources */,
			);
			runOnlyForDeploymentPostprocessing = 0;
		};
		DFB745241912C588003806F9 /* Sources */ = {
			isa = PBXSourcesBuildPhase;
			buildActionMask = 2147483647;
			files = (
				DFB745361912C588003806F9 /* ParentsAcademyTests.m in Sources */,
			);
			runOnlyForDeploymentPostprocessing = 0;
		};
/* End PBXSourcesBuildPhase section */

/* Begin PBXTargetDependency section */
		DFB7452E1912C588003806F9 /* PBXTargetDependency */ = {
			isa = PBXTargetDependency;
			target = DFB745061912C587003806F9 /* ParentsAcademy */;
			targetProxy = DFB7452D1912C588003806F9 /* PBXContainerItemProxy */;
		};
/* End PBXTargetDependency section */

/* Begin PBXVariantGroup section */
		DFB745131912C587003806F9 /* InfoPlist.strings */ = {
			isa = PBXVariantGroup;
			children = (
				DFB745141912C587003806F9 /* en */,
			);
			name = InfoPlist.strings;
			sourceTree = "<group>";
		};
		DFB7451C1912C587003806F9 /* Main.storyboard */ = {
			isa = PBXVariantGroup;
			children = (
				DFB7451D1912C587003806F9 /* Base */,
			);
			name = Main.storyboard;
			sourceTree = "<group>";
		};
		DFB745321912C588003806F9 /* InfoPlist.strings */ = {
			isa = PBXVariantGroup;
			children = (
				DFB745331912C588003806F9 /* en */,
			);
			name = InfoPlist.strings;
			sourceTree = "<group>";
		};
/* End PBXVariantGroup section */

/* Begin XCBuildConfiguration section */
		DFB745371912C588003806F9 /* Debug */ = {
			isa = XCBuildConfiguration;
			buildSettings = {
				ALWAYS_SEARCH_USER_PATHS = NO;
				CLANG_CXX_LANGUAGE_STANDARD = "gnu++0x";
				CLANG_CXX_LIBRARY = "libc++";
				CLANG_ENABLE_MODULES = YES;
				CLANG_ENABLE_OBJC_ARC = YES;
				CLANG_WARN_BOOL_CONVERSION = YES;
				CLANG_WARN_CONSTANT_CONVERSION = YES;
				CLANG_WARN_DIRECT_OBJC_ISA_USAGE = YES_ERROR;
				CLANG_WARN_EMPTY_BODY = YES;
				CLANG_WARN_ENUM_CONVERSION = YES;
				CLANG_WARN_INT_CONVERSION = YES;
				CLANG_WARN_OBJC_ROOT_CLASS = YES_ERROR;
				CLANG_WARN__DUPLICATE_METHOD_MATCH = YES;
				"CODE_SIGN_IDENTITY[sdk=iphoneos*]" = "iPhone Developer";
				COPY_PHASE_STRIP = NO;
				GCC_C_LANGUAGE_STANDARD = gnu99;
				GCC_DYNAMIC_NO_PIC = NO;
				GCC_OPTIMIZATION_LEVEL = 0;
				GCC_PREPROCESSOR_DEFINITIONS = (
					"DEBUG=1",
					"$(inherited)",
				);
				GCC_SYMBOLS_PRIVATE_EXTERN = NO;
				GCC_WARN_64_TO_32_BIT_CONVERSION = YES;
				GCC_WARN_ABOUT_RETURN_TYPE = YES_ERROR;
				GCC_WARN_UNDECLARED_SELECTOR = YES;
				GCC_WARN_UNINITIALIZED_AUTOS = YES_AGGRESSIVE;
				GCC_WARN_UNUSED_FUNCTION = YES;
				GCC_WARN_UNUSED_VARIABLE = YES;
				IPHONEOS_DEPLOYMENT_TARGET = 7.1;
				ONLY_ACTIVE_ARCH = YES;
				SDKROOT = iphoneos;
			};
			name = Debug;
		};
		DFB745381912C588003806F9 /* Release */ = {
			isa = XCBuildConfiguration;
			buildSettings = {
				ALWAYS_SEARCH_USER_PATHS = NO;
				CLANG_CXX_LANGUAGE_STANDARD = "gnu++0x";
				CLANG_CXX_LIBRARY = "libc++";
				CLANG_ENABLE_MODULES = YES;
				CLANG_ENABLE_OBJC_ARC = YES;
				CLANG_WARN_BOOL_CONVERSION = YES;
				CLANG_WARN_CONSTANT_CONVERSION = YES;
				CLANG_WARN_DIRECT_OBJC_ISA_USAGE = YES_ERROR;
				CLANG_WARN_EMPTY_BODY = YES;
				CLANG_WARN_ENUM_CONVERSION = YES;
				CLANG_WARN_INT_CONVERSION = YES;
				CLANG_WARN_OBJC_ROOT_CLASS = YES_ERROR;
				CLANG_WARN__DUPLICATE_METHOD_MATCH = YES;
				"CODE_SIGN_IDENTITY[sdk=iphoneos*]" = "iPhone Developer";
				COPY_PHASE_STRIP = YES;
				ENABLE_NS_ASSERTIONS = NO;
				GCC_C_LANGUAGE_STANDARD = gnu99;
				GCC_WARN_64_TO_32_BIT_CONVERSION = YES;
				GCC_WARN_ABOUT_RETURN_TYPE = YES_ERROR;
				GCC_WARN_UNDECLARED_SELECTOR = YES;
				GCC_WARN_UNINITIALIZED_AUTOS = YES_AGGRESSIVE;
				GCC_WARN_UNUSED_FUNCTION = YES;
				GCC_WARN_UNUSED_VARIABLE = YES;
				IPHONEOS_DEPLOYMENT_TARGET = 7.1;
				SDKROOT = iphoneos;
				VALIDATE_PRODUCT = YES;
			};
			name = Release;
		};
		DFB7453A1912C588003806F9 /* Debug */ = {
			isa = XCBuildConfiguration;
			baseConfigurationReference = 82100C0ABC64424EB8E92F54 /* Pods.xcconfig */;
			buildSettings = {
				ASSETCATALOG_COMPILER_APPICON_NAME = AppIcon;
				ASSETCATALOG_COMPILER_LAUNCHIMAGE_NAME = LaunchImage;
				CODE_SIGN_IDENTITY = "iPhone Developer";
				GCC_PRECOMPILE_PREFIX_HEADER = YES;
				GCC_PREFIX_HEADER = "ParentsAcademy/ParentsAcademy-Prefix.pch";
				INFOPLIST_FILE = "ParentsAcademy/ParentsAcademy-Info.plist";
				IPHONEOS_DEPLOYMENT_TARGET = 6.0;
				PRODUCT_NAME = "$(TARGET_NAME)";
				WRAPPER_EXTENSION = app;
			};
			name = Debug;
		};
		DFB7453B1912C588003806F9 /* Release */ = {
			isa = XCBuildConfiguration;
			baseConfigurationReference = 82100C0ABC64424EB8E92F54 /* Pods.xcconfig */;
			buildSettings = {
				ASSETCATALOG_COMPILER_APPICON_NAME = AppIcon;
				ASSETCATALOG_COMPILER_LAUNCHIMAGE_NAME = LaunchImage;
				CODE_SIGN_IDENTITY = "iPhone Developer";
				GCC_PRECOMPILE_PREFIX_HEADER = YES;
				GCC_PREFIX_HEADER = "ParentsAcademy/ParentsAcademy-Prefix.pch";
				INFOPLIST_FILE = "ParentsAcademy/ParentsAcademy-Info.plist";
				IPHONEOS_DEPLOYMENT_TARGET = 6.0;
				PRODUCT_NAME = "$(TARGET_NAME)";
				WRAPPER_EXTENSION = app;
			};
			name = Release;
		};
		DFB7453D1912C588003806F9 /* Debug */ = {
			isa = XCBuildConfiguration;
			buildSettings = {
				BUNDLE_LOADER = "$(BUILT_PRODUCTS_DIR)/ParentsAcademy.app/ParentsAcademy";
				FRAMEWORK_SEARCH_PATHS = (
					"$(SDKROOT)/Developer/Library/Frameworks",
					"$(inherited)",
					"$(DEVELOPER_FRAMEWORKS_DIR)",
				);
				GCC_PRECOMPILE_PREFIX_HEADER = YES;
				GCC_PREFIX_HEADER = "ParentsAcademy/ParentsAcademy-Prefix.pch";
				GCC_PREPROCESSOR_DEFINITIONS = (
					"DEBUG=1",
					"$(inherited)",
				);
				INFOPLIST_FILE = "ParentsAcademyTests/ParentsAcademyTests-Info.plist";
				PRODUCT_NAME = "$(TARGET_NAME)";
				TEST_HOST = "$(BUNDLE_LOADER)";
				WRAPPER_EXTENSION = xctest;
			};
			name = Debug;
		};
		DFB7453E1912C588003806F9 /* Release */ = {
			isa = XCBuildConfiguration;
			buildSettings = {
				BUNDLE_LOADER = "$(BUILT_PRODUCTS_DIR)/ParentsAcademy.app/ParentsAcademy";
				FRAMEWORK_SEARCH_PATHS = (
					"$(SDKROOT)/Developer/Library/Frameworks",
					"$(inherited)",
					"$(DEVELOPER_FRAMEWORKS_DIR)",
				);
				GCC_PRECOMPILE_PREFIX_HEADER = YES;
				GCC_PREFIX_HEADER = "ParentsAcademy/ParentsAcademy-Prefix.pch";
				INFOPLIST_FILE = "ParentsAcademyTests/ParentsAcademyTests-Info.plist";
				PRODUCT_NAME = "$(TARGET_NAME)";
				TEST_HOST = "$(BUNDLE_LOADER)";
				WRAPPER_EXTENSION = xctest;
			};
			name = Release;
		};
/* End XCBuildConfiguration section */

/* Begin XCConfigurationList section */
		DFB745021912C587003806F9 /* Build configuration list for PBXProject "ParentsAcademy" */ = {
			isa = XCConfigurationList;
			buildConfigurations = (
				DFB745371912C588003806F9 /* Debug */,
				DFB745381912C588003806F9 /* Release */,
			);
			defaultConfigurationIsVisible = 0;
			defaultConfigurationName = Release;
		};
		DFB745391912C588003806F9 /* Build configuration list for PBXNativeTarget "ParentsAcademy" */ = {
			isa = XCConfigurationList;
			buildConfigurations = (
				DFB7453A1912C588003806F9 /* Debug */,
				DFB7453B1912C588003806F9 /* Release */,
			);
			defaultConfigurationIsVisible = 0;
			defaultConfigurationName = Release;
		};
		DFB7453C1912C588003806F9 /* Build configuration list for PBXNativeTarget "ParentsAcademyTests" */ = {
			isa = XCConfigurationList;
			buildConfigurations = (
				DFB7453D1912C588003806F9 /* Debug */,
				DFB7453E1912C588003806F9 /* Release */,
			);
			defaultConfigurationIsVisible = 0;
			defaultConfigurationName = Release;
		};
/* End XCConfigurationList section */

/* Begin XCVersionGroup section */
		DFD37A7C1913B16C00D1ECE2 /* Model.xcdatamodeld */ = {
			isa = XCVersionGroup;
			children = (
				DFD37A7D1913B16C00D1ECE2 /* Model.xcdatamodel */,
			);
			currentVersion = DFD37A7D1913B16C00D1ECE2 /* Model.xcdatamodel */;
			path = Model.xcdatamodeld;
			sourceTree = "<group>";
			versionGroupType = wrapper.xcdatamodel;
		};
/* End XCVersionGroup section */
	};
	rootObject = DFB744FF1912C587003806F9 /* Project object */;
}
